Microsoft Visual Studio Solution File, Format Version 12.00
# Visual Studio Version 17
VisualStudioVersion = 17.5.2.0
MinimumVisualStudioVersion = 10.0.40219.1
Project("{FAE04EC0-301F-11D3-BF4B-00C04F79EFBC}") = "helloConsole", "helloConsole\helloConsole.csproj", "{EA8E91AB-C9CE-C35C-AB0D-6BA8C8595315}"
EndProject
Global
	GlobalSection(SolutionConfigurationPlatforms) = preSolution
		Debug|Any CPU = Debug|Any CPU
		Release|Any CPU = Release|Any CPU
	EndGlobalSection
	GlobalSection(ProjectConfigurationPlatforms) = postSolution
		{EA8E91AB-C9CE-C35C-AB0D-6BA8C8595315}.Debug|Any CPU.ActiveCfg = Debug|Any CPU
		{EA8E91AB-C9CE-C35C-AB0D-6BA8C8595315}.Debug|Any CPU.Build.0 = Debug|Any CPU
		{EA8E91AB-C9CE-C35C-AB0D-6BA8C8595315}.Release|Any CPU.ActiveCfg = Release|Any CPU
		{EA8E91AB-C9CE-C35C-AB0D-6BA8C8595315}.Release|Any CPU.Build.0 = Release|Any CPU
	EndGlobalSection
	GlobalSection(SolutionProperties) = preSolution
		HideSolutionNode = FALSE
	EndGlobalSection
	GlobalSection(ExtensibilityGlobals) = postSolution
		SolutionGuid = {C84A2364-35B6-4BDA-9867-B358F2731EE4}
	EndGlobalSection
EndGlobal
